
Microsoft Visual Studio Solution File, Format Version 12.00
# Visual Studio Version 16
VisualStudioVersion = 16.0.33130.400
MinimumVisualStudioVersion = 10.0.40219.1
Project("{FAE04EC0-301F-11D3-BF4B-00C04F79EFBC}") = "Ass 3.1", "Ass 3.1\Ass 3.1.csproj", "{05456376-8A61-4EDD-856B-D3C716DB4A77}"
EndProject
Global
	GlobalSection(SolutionConfigurationPlatforms) = preSolution
		Debug|Any CPU = Debug|Any CPU
		Release|Any CPU = Release|Any CPU
	EndGlobalSection
	GlobalSection(ProjectConfigurationPlatforms) = postSolution
		{05456376-8A61-4EDD-856B-D3C716DB4A77}.Debug|Any CPU.ActiveCfg = Debug|Any CPU
		{05456376-8A61-4EDD-856B-D3C716DB4A77}.Debug|Any CPU.Build.0 = Debug|Any CPU
		{05456376-8A61-4EDD-856B-D3C716DB4A77}.Release|Any CPU.ActiveCfg = Release|Any CPU
		{05456376-8A61-4EDD-856B-D3C716DB4A77}.Release|Any CPU.Build.0 = Release|Any CPU
	EndGlobalSection
	GlobalSection(SolutionProperties) = preSolution
		HideSolutionNode = FALSE
	EndGlobalSection
	GlobalSection(ExtensibilityGlobals) = postSolution
		SolutionGuid = {B0DEF207-7432-4A24-96F0-38F08475304B}
	EndGlobalSection
EndGlobal
