
Microsoft Visual Studio Solution File, Format Version 12.00
# Visual Studio Version 16
VisualStudioVersion = 16.0.33130.400
MinimumVisualStudioVersion = 10.0.40219.1
Project("{9A19103F-16F7-4668-BE54-9A1E7A4F7556}") = "LitwareLib", "LitwareLib\LitwareLib.csproj", "{E214B5F9-EB29-4791-B44B-00B79EF3715A}"
EndProject
Project("{FAE04EC0-301F-11D3-BF4B-00C04F79EFBC}") = "TestProject1", "TestProject1\TestProject1.csproj", "{53A6AE36-963D-434B-A32B-AB08CE41FC69}"
EndProject
Global
	GlobalSection(SolutionConfigurationPlatforms) = preSolution
		Debug|Any CPU = Debug|Any CPU
		Release|Any CPU = Release|Any CPU
	EndGlobalSection
	GlobalSection(ProjectConfigurationPlatforms) = postSolution
		{E214B5F9-EB29-4791-B44B-00B79EF3715A}.Debug|Any CPU.ActiveCfg = Debug|Any CPU
		{E214B5F9-EB29-4791-B44B-00B79EF3715A}.Debug|Any CPU.Build.0 = Debug|Any CPU
		{E214B5F9-EB29-4791-B44B-00B79EF3715A}.Release|Any CPU.ActiveCfg = Release|Any CPU
		{E214B5F9-EB29-4791-B44B-00B79EF3715A}.Release|Any CPU.Build.0 = Release|Any CPU
		{53A6AE36-963D-434B-A32B-AB08CE41FC69}.Debug|Any CPU.ActiveCfg = Debug|Any CPU
		{53A6AE36-963D-434B-A32B-AB08CE41FC69}.Debug|Any CPU.Build.0 = Debug|Any CPU
		{53A6AE36-963D-434B-A32B-AB08CE41FC69}.Release|Any CPU.ActiveCfg = Release|Any CPU
		{53A6AE36-963D-434B-A32B-AB08CE41FC69}.Release|Any CPU.Build.0 = Release|Any CPU
	EndGlobalSection
	GlobalSection(SolutionProperties) = preSolution
		HideSolutionNode = FALSE
	EndGlobalSection
	GlobalSection(ExtensibilityGlobals) = postSolution
		SolutionGuid = {ACC7A1E5-F335-47D7-93A5-EB4E24FEFAC2}
	EndGlobalSection
EndGlobal
